
Microsoft Visual Studio Solution File, Format Version 12.00
# Visual Studio Version 16
VisualStudioVersion = 16.0.30611.23
MinimumVisualStudioVersion = 10.0.40219.1
Project("{FAE04EC0-301F-11D3-BF4B-00C04F79EFBC}") = "COM to Thingspeak", "COM to Thingspeak.csproj", "{31F682BD-43A2-40BF-9DA2-6913982694B0}"
EndProject
Global
	GlobalSection(SolutionConfigurationPlatforms) = preSolution
		Debug|Any CPU = Debug|Any CPU
		Release|Any CPU = Release|Any CPU
	EndGlobalSection
	GlobalSection(ProjectConfigurationPlatforms) = postSolution
		{31F682BD-43A2-40BF-9DA2-6913982694B0}.Debug|Any CPU.ActiveCfg = Debug|Any CPU
		{31F682BD-43A2-40BF-9DA2-6913982694B0}.Debug|Any CPU.Build.0 = Debug|Any CPU
		{31F682BD-43A2-40BF-9DA2-6913982694B0}.Release|Any CPU.ActiveCfg = Release|Any CPU
		{31F682BD-43A2-40BF-9DA2-6913982694B0}.Release|Any CPU.Build.0 = Release|Any CPU
	EndGlobalSection
	GlobalSection(SolutionProperties) = preSolution
		HideSolutionNode = FALSE
	EndGlobalSection
	GlobalSection(ExtensibilityGlobals) = postSolution
		SolutionGuid = {1504075A-1DAE-4579-99E6-CE5F63EE5715}
	EndGlobalSection
EndGlobal
